
Microsoft Visual Studio Solution File, Format Version 12.00
# Visual Studio 15
VisualStudioVersion = 15.0.28010.2003
MinimumVisualStudioVersion = 10.0.40219.1
Project("{FAE04EC0-301F-11D3-BF4B-00C04F79EFBC}") = "LearnLikeAUnicorn", "LearnLikeAUnicorn\LearnLikeAUnicorn.csproj", "{94B044B8-E780-4E54-8471-3CC051FF2159}"
EndProject
Project("{2150E333-8FDC-42A3-9474-1A3956D46DE8}") = "Images", "Images", "{9FF9FD79-B822-4108-BFA3-525B2252AAD1}"
	ProjectSection(SolutionItems) = preProject
		..\..\..\Pictures\dinoBackground.bmp = ..\..\..\Pictures\dinoBackground.bmp
		..\..\..\Pictures\MathBackground.bmp = ..\..\..\Pictures\MathBackground.bmp
		..\..\..\Pictures\MollyBackground.bmp = ..\..\..\Pictures\MollyBackground.bmp
		..\..\..\Pictures\Plessy.png = ..\..\..\Pictures\Plessy.png
		..\..\..\Pictures\Unicorn.png = ..\..\..\Pictures\Unicorn.png
	EndProjectSection
EndProject
Global
	GlobalSection(SolutionConfigurationPlatforms) = preSolution
		Debug|Any CPU = Debug|Any CPU
		Release|Any CPU = Release|Any CPU
	EndGlobalSection
	GlobalSection(ProjectConfigurationPlatforms) = postSolution
		{94B044B8-E780-4E54-8471-3CC051FF2159}.Debug|Any CPU.ActiveCfg = Debug|Any CPU
		{94B044B8-E780-4E54-8471-3CC051FF2159}.Debug|Any CPU.Build.0 = Debug|Any CPU
		{94B044B8-E780-4E54-8471-3CC051FF2159}.Release|Any CPU.ActiveCfg = Release|Any CPU
		{94B044B8-E780-4E54-8471-3CC051FF2159}.Release|Any CPU.Build.0 = Release|Any CPU
	EndGlobalSection
	GlobalSection(SolutionProperties) = preSolution
		HideSolutionNode = FALSE
	EndGlobalSection
	GlobalSection(ExtensibilityGlobals) = postSolution
		SolutionGuid = {443FBDB5-08DD-4B31-BC53-055A1AA0230B}
	EndGlobalSection
EndGlobal
